// !$*UTF8*$!
{
	archiveVersion = 1;
	classes = {
	};
	objectVersion = 46;
	objects = {

/* Begin PBXBuildFile section */
		2EFE3CF41C8C5E3C004B8AEA /* AppDelegate.swift in Sources */ = {isa = PBXBuildFile; fileRef = 2EFE3CF31C8C5E3C004B8AEA /* AppDelegate.swift */; };
		2EFE3CF61C8C5E3C004B8AEA /* ViewController.swift in Sources */ = {isa = PBXBuildFile; fileRef = 2EFE3CF51C8C5E3C004B8AEA /* ViewController.swift */; };
		2EFE3CF91C8C5E3C004B8AEA /* Main.storyboard in Resources */ = {isa = PBXBuildFile; fileRef = 2EFE3CF71C8C5E3C004B8AEA /* Main.storyboard */; };
		2EFE3CFB1C8C5E3C004B8AEA /* Assets.xcassets in Resources */ = {isa = PBXBuildFile; fileRef = 2EFE3CFA1C8C5E3C004B8AEA /* Assets.xcassets */; };
		2EFE3CFE1C8C5E3C004B8AEA /* LaunchScreen.storyboard in Resources */ = {isa = PBXBuildFile; fileRef = 2EFE3CFC1C8C5E3C004B8AEA /* LaunchScreen.storyboard */; };
/* End PBXBuildFile section */

/* Begin PBXFileReference section */
		2EFE3CF01C8C5E3C004B8AEA /* tableview assingment.app */ = {isa = PBXFileReference; explicitFileType = wrapper.application; includeInIndex = 0; path = "tableview assingment.app"; sourceTree = BUILT_PRODUCTS_DIR; };
		2EFE3CF31C8C5E3C004B8AEA /* AppDelegate.swift */ = {isa = PBXFileReference; lastKnownFileType = sourcecode.swift; path = AppDelegate.swift; sourceTree = "<group>"; };
		2EFE3CF51C8C5E3C004B8AEA /* ViewController.swift */ = {isa = PBXFileReference; lastKnownFileType = sourcecode.swift; path = ViewController.swift; sourceTree = "<group>"; };
		2EFE3CF81C8C5E3C004B8AEA /* Base */ = {isa = PBXFileReference; lastKnownFileType = file.storyboard; name = Base; path = Base.lproj/Main.storyboard; sourceTree = "<group>"; };
		2EFE3CFA1C8C5E3C004B8AEA /* Assets.xcassets */ = {isa = PBXFileReference; lastKnownFileType = folder.assetcatalog; path = Assets.xcassets; sourceTree = "<group>"; };
		2EFE3CFD1C8C5E3C004B8AEA /* Base */ = {isa = PBXFileReference; lastKnownFileType = file.storyboard; name = Base; path = Base.lproj/LaunchScreen.storyboard; sourceTree = "<group>"; };
		2EFE3CFF1C8C5E3C004B8AEA /* Info.plist */ = {isa = PBXFileReference; lastKnownFileType = text.plist.xml; path = Info.plist; sourceTree = "<group>"; };
/* End PBXFileReference section */

/* Begin PBXFrameworksBuildPhase section */
		2EFE3CED1C8C5E3C004B8AEA /* Frameworks */ = {
			isa = PBXFrameworksBuildPhase;
			buildActionMask = 2147483647;
			files = (
			);
			runOnlyForDeploymentPostprocessing = 0;
		};
/* End PBXFrameworksBuildPhase section */

/* Begin PBXGroup section */
		2EFE3CE71C8C5E3C004B8AEA = {
			isa = PBXGroup;
			children = (
				2EFE3CF21C8C5E3C004B8AEA /* tableview assingment */,
				2EFE3CF11C8C5E3C004B8AEA /* Products */,
			);
			sourceTree = "<group>";
		};
		2EFE3CF11C8C5E3C004B8AEA /* Products */ = {
			isa = PBXGroup;
			children = (
				2EFE3CF01C8C5E3C004B8AEA /* tableview assingment.app */,
			);
			name = Products;
			sourceTree = "<group>";
		};
		2EFE3CF21C8C5E3C004B8AEA /* tableview assingment */ = {
			isa = PBXGroup;
			children = (
				2EFE3CF31C8C5E3C004B8AEA /* AppDelegate.swift */,
				2EFE3CF51C8C5E3C004B8AEA /* ViewController.swift */,
				2EFE3CF71C8C5E3C004B8AEA /* Main.storyboard */,
				2EFE3CFA1C8C5E3C004B8AEA /* Assets.xcassets */,
				2EFE3CFC1C8C5E3C004B8AEA /* LaunchScreen.storyboard */,
				2EFE3CFF1C8C5E3C004B8AEA /* Info.plist */,
			);
			path = "tableview assingment";
			sourceTree = "<group>";
		};
/* End PBXGroup section */

/* Begin PBXNativeTarget section */
		2EFE3CEF1C8C5E3C004B8AEA /* tableview assingment */ = {
			isa = PBXNativeTarget;
			buildConfigurationList = 2EFE3D021C8C5E3C004B8AEA /* Build configuration list for PBXNativeTarget "tableview assingment" */;
			buildPhases = (
				2EFE3CEC1C8C5E3C004B8AEA /* Sources */,
				2EFE3CED1C8C5E3C004B8AEA /* Frameworks */,
				2EFE3CEE1C8C5E3C004B8AEA /* Resources */,
			);
			buildRules = (
			);
			dependencies = (
			);
			name = "tableview assingment";
			productName = "tableview assingment";
			productReference = 2EFE3CF01C8C5E3C004B8AEA /* tableview assingment.app */;
			productType = "com.apple.product-type.application";
		};
/* End PBXNativeTarget section */

/* Begin PBXProject section */
		2EFE3CE81C8C5E3C004B8AEA /* Project object */ = {
			isa = PBXProject;
			attributes = {
				LastSwiftUpdateCheck = 0720;
				LastUpgradeCheck = 0720;
				ORGANIZATIONNAME = "Nidhi Gupta";
				TargetAttributes = {
					2EFE3CEF1C8C5E3C004B8AEA = {
						CreatedOnToolsVersion = 7.2;
					};
				};
			};
			buildConfigurationList = 2EFE3CEB1C8C5E3C004B8AEA /* Build configuration list for PBXProject "tableview assingment" */;
			compatibilityVersion = "Xcode 3.2";
			developmentRegion = English;
			hasScannedForEncodings = 0;
			knownRegions = (
				en,
				Base,
			);
			mainGroup = 2EFE3CE71C8C5E3C004B8AEA;
			productRefGroup = 2EFE3CF11C8C5E3C004B8AEA /* Products */;
			projectDirPath = "";
			projectRoot = "";
			targets = (
				2EFE3CEF1C8C5E3C004B8AEA /* tableview assingment */,
			);
		};
/* End PBXProject section */

/* Begin PBXResourcesBuildPhase section */
		2EFE3CEE1C8C5E3C004B8AEA /* Resources */ = {
			isa = PBXResourcesBuildPhase;
			buildActionMask = 2147483647;
			files = (
				2EFE3CFE1C8C5E3C004B8AEA /* LaunchScreen.storyboard in Resources */,
				2EFE3CFB1C8C5E3C004B8AEA /* Assets.xcassets in Resources */,
				2EFE3CF91C8C5E3C004B8AEA /* Main.storyboard in Resources */,
			);
			runOnlyForDeploymentPostprocessing = 0;
		};
/* End PBXResourcesBuildPhase section */

/* Begin PBXSourcesBuildPhase section */
		2EFE3CEC1C8C5E3C004B8AEA /* Sources */ = {
			isa = PBXSourcesBuildPhase;
			buildActionMask = 2147483647;
			files = (
				2EFE3CF61C8C5E3C004B8AEA /* ViewController.swift in Sources */,
				2EFE3CF41C8C5E3C004B8AEA /* AppDelegate.swift in Sources */,
			);
			runOnlyForDeploymentPostprocessing = 0;
		};
/* End PBXSourcesBuildPhase section */

/* Begin PBXVariantGroup section */
		2EFE3CF71C8C5E3C004B8AEA /* Main.storyboard */ = {
			isa = PBXVariantGroup;
			children = (
				2EFE3CF81C8C5E3C004B8AEA /* Base */,
			);
			name = Main.storyboard;
			sourceTree = "<group>";
		};
		2EFE3CFC1C8C5E3C004B8AEA /* LaunchScreen.storyboard */ = {
			isa = PBXVariantGroup;
			children = (
				2EFE3CFD1C8C5E3C004B8AEA /* Base */,
			);
			name = LaunchScreen.storyboard;
			sourceTree = "<group>";
		};
/* End PBXVariantGroup section */

/* Begin XCBuildConfiguration section */
		2EFE3D001C8C5E3C004B8AEA /* Debug */ = {
			isa = XCBuildConfiguration;
			buildSettings = {
				ALWAYS_SEARCH_USER_PATHS = NO;
				CLANG_CXX_LANGUAGE_STANDARD = "gnu++0x";
				CLANG_CXX_LIBRARY = "libc++";
				CLANG_ENABLE_MODULES = YES;
				CLANG_ENABLE_OBJC_ARC = YES;
				CLANG_WARN_BOOL_CONVERSION = YES;
				CLANG_WARN_CONSTANT_CONVERSION = YES;
				CLANG_WARN_DIRECT_OBJC_ISA_USAGE = YES_ERROR;
				CLANG_WARN_EMPTY_BODY = YES;
				CLANG_WARN_ENUM_CONVERSION = YES;
				CLANG_WARN_INT_CONVERSION = YES;
				CLANG_WARN_OBJC_ROOT_CLASS = YES_ERROR;
				CLANG_WARN_UNREACHABLE_CODE = YES;
				CLANG_WARN__DUPLICATE_METHOD_MATCH = YES;
				"CODE_SIGN_IDENTITY[sdk=iphoneos*]" = "iPhone Developer";
				COPY_PHASE_STRIP = NO;
				DEBUG_INFORMATION_FORMAT = dwarf;
				ENABLE_STRICT_OBJC_MSGSEND = YES;
				ENABLE_TESTABILITY = YES;
				GCC_C_LANGUAGE_STANDARD = gnu99;
				GCC_DYNAMIC_NO_PIC = NO;
				GCC_NO_COMMON_BLOCKS = YES;
				GCC_OPTIMIZATION_LEVEL = 0;
				GCC_PREPROCESSOR_DEFINITIONS = (
					"DEBUG=1",
					"$(inherited)",
				);
				GCC_WARN_64_TO_32_BIT_CONVERSION = YES;
				GCC_WARN_ABOUT_RETURN_TYPE = YES_ERROR;
				GCC_WARN_UNDECLARED_SELECTOR = YES;
				GCC_WARN_UNINITIALIZED_AUTOS = YES_AGGRESSIVE;
				GCC_WARN_UNUSED_FUNCTION = YES;
				GCC_WARN_UNUSED_VARIABLE = YES;
				IPHONEOS_DEPLOYMENT_TARGET = 9.2;
				MTL_ENABLE_DEBUG_INFO = YES;
				ONLY_ACTIVE_ARCH = YES;
				SDKROOT = iphoneos;
				SWIFT_OPTIMIZATION_LEVEL = "-Onone";
			};
			name = Debug;
		};
		2EFE3D011C8C5E3C004B8AEA /* Release */ = {
			isa = XCBuildConfiguration;
			buildSettings = {
				ALWAYS_SEARCH_USER_PATHS = NO;
				CLANG_CXX_LANGUAGE_STANDARD = "gnu++0x";
				CLANG_CXX_LIBRARY = "libc++";
				CLANG_ENABLE_MODULES = YES;
				CLANG_ENABLE_OBJC_ARC = YES;
				CLANG_WARN_BOOL_CONVERSION = YES;
				CLANG_WARN_CONSTANT_CONVERSION = YES;
				CLANG_WARN_DIRECT_OBJC_ISA_USAGE = YES_ERROR;
				CLANG_WARN_EMPTY_BODY = YES;
				CLANG_WARN_ENUM_CONVERSION = YES;
				CLANG_WARN_INT_CONVERSION = YES;
				CLANG_WARN_OBJC_ROOT_CLASS = YES_ERROR;
				CLANG_WARN_UNREACHABLE_CODE = YES;
				CLANG_WARN__DUPLICATE_METHOD_MATCH = YES;
				"CODE_SIGN_IDENTITY[sdk=iphoneos*]" = "iPhone Developer";
				COPY_PHASE_STRIP = NO;
				DEBUG_INFORMATION_FORMAT = "dwarf-with-dsym";
				ENABLE_NS_ASSERTIONS = NO;
				ENABLE_STRICT_OBJC_MSGSEND = YES;
				GCC_C_LANGUAGE_STANDARD = gnu99;
				GCC_NO_COMMON_BLOCKS = YES;
				GCC_WARN_64_TO_32_BIT_CONVERSION = YES;
				GCC_WARN_ABOUT_RETURN_TYPE = YES_ERROR;
				GCC_WARN_UNDECLARED_SELECTOR = YES;
				GCC_WARN_UNINITIALIZED_AUTOS = YES_AGGRESSIVE;
				GCC_WARN_UNUSED_FUNCTION = YES;
				GCC_WARN_UNUSED_VARIABLE = YES;
				IPHONEOS_DEPLOYMENT_TARGET = 9.2;
				MTL_ENABLE_DEBUG_INFO = NO;
				SDKROOT = iphoneos;
				VALIDATE_PRODUCT = YES;
			};
			name = Release;
		};
		2EFE3D031C8C5E3C004B8AEA /* Debug */ = {
			isa = XCBuildConfiguration;
			buildSettings = {
				ASSETCATALOG_COMPILER_APPICON_NAME = AppIcon;
				INFOPLIST_FILE = "tableview assingment/Info.plist";
				LD_RUNPATH_SEARCH_PATHS = "$(inherited) @executable_path/Frameworks";
				PRODUCT_BUNDLE_IDENTIFIER = "com.tech.-.tableview-assingment";
				PRODUCT_NAME = "$(TARGET_NAME)";
			};
			name = Debug;
		};
		2EFE3D041C8C5E3C004B8AEA /* Release */ = {
			isa = XCBuildConfiguration;
			buildSettings = {
				ASSETCATALOG_COMPILER_APPICON_NAME = AppIcon;
				INFOPLIST_FILE = "tableview assingment/Info.plist";
				LD_RUNPATH_SEARCH_PATHS = "$(inherited) @executable_path/Frameworks";
				PRODUCT_BUNDLE_IDENTIFIER = "com.tech.-.tableview-assingment";
				PRODUCT_NAME = "$(TARGET_NAME)";
			};
			name = Release;
		};
/* End XCBuildConfiguration section */

/* Begin XCConfigurationList section */
		2EFE3CEB1C8C5E3C004B8AEA /* Build configuration list for PBXProject "tableview assingment" */ = {
			isa = XCConfigurationList;
			buildConfigurations = (
				2EFE3D001C8C5E3C004B8AEA /* Debug */,
				2EFE3D011C8C5E3C004B8AEA /* Release */,
			);
			defaultConfigurationIsVisible = 0;
			defaultConfigurationName = Release;
		};
		2EFE3D021C8C5E3C004B8AEA /* Build configuration list for PBXNativeTarget "tableview assingment" */ = {
			isa = XCConfigurationList;
			buildConfigurations = (
				2EFE3D031C8C5E3C004B8AEA /* Debug */,
				2EFE3D041C8C5E3C004B8AEA /* Release */,
			);
			defaultConfigurationIsVisible = 0;
		};
/* End XCConfigurationList section */
	};
	rootObject = 2EFE3CE81C8C5E3C004B8AEA /* Project object */;
}
